
Microsoft Visual Studio Solution File, Format Version 12.00
# Visual Studio Version 17
VisualStudioVersion = 17.8.34309.116
MinimumVisualStudioVersion = 10.0.40219.1
Project("{9A19103F-16F7-4668-BE54-9A1E7A4F7556}") = "Intuit_Challenge", "Intuit_Challenge\Intuit_Challenge.csproj", "{C74A602E-29E4-4D93-AD68-4300D164711C}"
EndProject
Global
	GlobalSection(SolutionConfigurationPlatforms) = preSolution
		Debug|Any CPU = Debug|Any CPU
		Release|Any CPU = Release|Any CPU
	EndGlobalSection
	GlobalSection(ProjectConfigurationPlatforms) = postSolution
		{C74A602E-29E4-4D93-AD68-4300D164711C}.Debug|Any CPU.ActiveCfg = Debug|Any CPU
		{C74A602E-29E4-4D93-AD68-4300D164711C}.Debug|Any CPU.Build.0 = Debug|Any CPU
		{C74A602E-29E4-4D93-AD68-4300D164711C}.Release|Any CPU.ActiveCfg = Release|Any CPU
		{C74A602E-29E4-4D93-AD68-4300D164711C}.Release|Any CPU.Build.0 = Release|Any CPU
	EndGlobalSection
	GlobalSection(SolutionProperties) = preSolution
		HideSolutionNode = FALSE
	EndGlobalSection
	GlobalSection(ExtensibilityGlobals) = postSolution
		SolutionGuid = {91303C89-47CB-4B10-98D8-08350A2E91AF}
	EndGlobalSection
EndGlobal
